
Microsoft Visual Studio Solution File, Format Version 12.00
# Visual Studio Version 16
VisualStudioVersion = 16.0.30621.155
MinimumVisualStudioVersion = 10.0.40219.1
Project("{8BC9CEB8-8B4A-11D0-8D11-00A0C91BC942}") = "E1-Triangle", "E1-Trianble\E1.vcxproj", "{37BCFF5B-3E9F-4353-9F5E-CF6089F535CD}"
EndProject
Project("{8BC9CEB8-8B4A-11D0-8D11-00A0C91BC942}") = "E2-Cube", "E2-Cube\Cube.vcxproj", "{F2979DB5-BFFE-4B88-9ED8-0AEBFB42EDD5}"
EndProject
Project("{8BC9CEB8-8B4A-11D0-8D11-00A0C91BC942}") = "E3-Input", "E3-Input\E3-Input.vcxproj", "{760FB0BE-F2B8-4441-B85E-99F02A10EDEA}"
EndProject
Project("{8BC9CEB8-8B4A-11D0-8D11-00A0C91BC942}") = "E4-Light", "E4-Light\E4-Light.vcxproj", "{26EB36A6-BDC3-476D-9162-68BF03039E9F}"
EndProject
Project("{8BC9CEB8-8B4A-11D0-8D11-00A0C91BC942}") = "E5-Texture", "E5-Texture\E5-Texture.vcxproj", "{E405F049-2AC2-429D-A990-BD2B3B3968CC}"
EndProject
Global
	GlobalSection(SolutionConfigurationPlatforms) = preSolution
		Debug|x64 = Debug|x64
		Debug|x86 = Debug|x86
		Release|x64 = Release|x64
		Release|x86 = Release|x86
	EndGlobalSection
	GlobalSection(ProjectConfigurationPlatforms) = postSolution
		{37BCFF5B-3E9F-4353-9F5E-CF6089F535CD}.Debug|x64.ActiveCfg = Debug|x64
		{37BCFF5B-3E9F-4353-9F5E-CF6089F535CD}.Debug|x64.Build.0 = Debug|x64
		{37BCFF5B-3E9F-4353-9F5E-CF6089F535CD}.Debug|x86.ActiveCfg = Debug|Win32
		{37BCFF5B-3E9F-4353-9F5E-CF6089F535CD}.Debug|x86.Build.0 = Debug|Win32
		{37BCFF5B-3E9F-4353-9F5E-CF6089F535CD}.Release|x64.ActiveCfg = Release|x64
		{37BCFF5B-3E9F-4353-9F5E-CF6089F535CD}.Release|x64.Build.0 = Release|x64
		{37BCFF5B-3E9F-4353-9F5E-CF6089F535CD}.Release|x86.ActiveCfg = Release|Win32
		{37BCFF5B-3E9F-4353-9F5E-CF6089F535CD}.Release|x86.Build.0 = Release|Win32
		{F2979DB5-BFFE-4B88-9ED8-0AEBFB42EDD5}.Debug|x64.ActiveCfg = Debug|x64
		{F2979DB5-BFFE-4B88-9ED8-0AEBFB42EDD5}.Debug|x64.Build.0 = Debug|x64
		{F2979DB5-BFFE-4B88-9ED8-0AEBFB42EDD5}.Debug|x86.ActiveCfg = Debug|Win32
		{F2979DB5-BFFE-4B88-9ED8-0AEBFB42EDD5}.Debug|x86.Build.0 = Debug|Win32
		{F2979DB5-BFFE-4B88-9ED8-0AEBFB42EDD5}.Release|x64.ActiveCfg = Release|x64
		{F2979DB5-BFFE-4B88-9ED8-0AEBFB42EDD5}.Release|x64.Build.0 = Release|x64
		{F2979DB5-BFFE-4B88-9ED8-0AEBFB42EDD5}.Release|x86.ActiveCfg = Release|Win32
		{F2979DB5-BFFE-4B88-9ED8-0AEBFB42EDD5}.Release|x86.Build.0 = Release|Win32
		{760FB0BE-F2B8-4441-B85E-99F02A10EDEA}.Debug|x64.ActiveCfg = Debug|x64
		{760FB0BE-F2B8-4441-B85E-99F02A10EDEA}.Debug|x64.Build.0 = Debug|x64
		{760FB0BE-F2B8-4441-B85E-99F02A10EDEA}.Debug|x86.ActiveCfg = Debug|Win32
		{760FB0BE-F2B8-4441-B85E-99F02A10EDEA}.Debug|x86.Build.0 = Debug|Win32
		{760FB0BE-F2B8-4441-B85E-99F02A10EDEA}.Release|x64.ActiveCfg = Release|x64
		{760FB0BE-F2B8-4441-B85E-99F02A10EDEA}.Release|x64.Build.0 = Release|x64
		{760FB0BE-F2B8-4441-B85E-99F02A10EDEA}.Release|x86.ActiveCfg = Release|Win32
		{760FB0BE-F2B8-4441-B85E-99F02A10EDEA}.Release|x86.Build.0 = Release|Win32
		{26EB36A6-BDC3-476D-9162-68BF03039E9F}.Debug|x64.ActiveCfg = Debug|x64
		{26EB36A6-BDC3-476D-9162-68BF03039E9F}.Debug|x64.Build.0 = Debug|x64
		{26EB36A6-BDC3-476D-9162-68BF03039E9F}.Debug|x86.ActiveCfg = Debug|Win32
		{26EB36A6-BDC3-476D-9162-68BF03039E9F}.Debug|x86.Build.0 = Debug|Win32
		{26EB36A6-BDC3-476D-9162-68BF03039E9F}.Release|x64.ActiveCfg = Release|x64
		{26EB36A6-BDC3-476D-9162-68BF03039E9F}.Release|x64.Build.0 = Release|x64
		{26EB36A6-BDC3-476D-9162-68BF03039E9F}.Release|x86.ActiveCfg = Release|Win32
		{26EB36A6-BDC3-476D-9162-68BF03039E9F}.Release|x86.Build.0 = Release|Win32
		{E405F049-2AC2-429D-A990-BD2B3B3968CC}.Debug|x64.ActiveCfg = Debug|x64
		{E405F049-2AC2-429D-A990-BD2B3B3968CC}.Debug|x64.Build.0 = Debug|x64
		{E405F049-2AC2-429D-A990-BD2B3B3968CC}.Debug|x86.ActiveCfg = Debug|Win32
		{E405F049-2AC2-429D-A990-BD2B3B3968CC}.Debug|x86.Build.0 = Debug|Win32
		{E405F049-2AC2-429D-A990-BD2B3B3968CC}.Release|x64.ActiveCfg = Release|x64
		{E405F049-2AC2-429D-A990-BD2B3B3968CC}.Release|x64.Build.0 = Release|x64
		{E405F049-2AC2-429D-A990-BD2B3B3968CC}.Release|x86.ActiveCfg = Release|Win32
		{E405F049-2AC2-429D-A990-BD2B3B3968CC}.Release|x86.Build.0 = Release|Win32
	EndGlobalSection
	GlobalSection(SolutionProperties) = preSolution
		HideSolutionNode = FALSE
	EndGlobalSection
	GlobalSection(ExtensibilityGlobals) = postSolution
		SolutionGuid = {3DE783D0-8899-4E6E-955D-A6BEDAABE406}
	EndGlobalSection
EndGlobal
